
Microsoft Visual Studio Solution File, Format Version 12.00
# Visual Studio Version 17
VisualStudioVersion = 17.8.34511.84
MinimumVisualStudioVersion = 10.0.40219.1
Project("{FAE04EC0-301F-11D3-BF4B-00C04F79EFBC}") = "Gerenciador.Kelly.Bolos.Ui", "Gerenciador.Kelly.Bolos.Ui\Gerenciador.Kelly.Bolos.Ui.csproj", "{50AB9AB9-BEA8-4091-A4F3-96A3AD79191C}"
EndProject
Project("{FAE04EC0-301F-11D3-BF4B-00C04F79EFBC}") = "Gerenciador.Kelly.Bolos.Bo", "Gerenciador.Kelly.Bolos.Bo\Gerenciador.Kelly.Bolos.Bo.csproj", "{DA841C3B-F95B-4A83-AF13-3EAE670880EB}"
EndProject
Global
	GlobalSection(SolutionConfigurationPlatforms) = preSolution
		Debug|Any CPU = Debug|Any CPU
		Release|Any CPU = Release|Any CPU
	EndGlobalSection
	GlobalSection(ProjectConfigurationPlatforms) = postSolution
		{50AB9AB9-BEA8-4091-A4F3-96A3AD79191C}.Debug|Any CPU.ActiveCfg = Debug|Any CPU
		{50AB9AB9-BEA8-4091-A4F3-96A3AD79191C}.Debug|Any CPU.Build.0 = Debug|Any CPU
		{50AB9AB9-BEA8-4091-A4F3-96A3AD79191C}.Release|Any CPU.ActiveCfg = Release|Any CPU
		{50AB9AB9-BEA8-4091-A4F3-96A3AD79191C}.Release|Any CPU.Build.0 = Release|Any CPU
		{DA841C3B-F95B-4A83-AF13-3EAE670880EB}.Debug|Any CPU.ActiveCfg = Debug|Any CPU
		{DA841C3B-F95B-4A83-AF13-3EAE670880EB}.Debug|Any CPU.Build.0 = Debug|Any CPU
		{DA841C3B-F95B-4A83-AF13-3EAE670880EB}.Release|Any CPU.ActiveCfg = Release|Any CPU
		{DA841C3B-F95B-4A83-AF13-3EAE670880EB}.Release|Any CPU.Build.0 = Release|Any CPU
	EndGlobalSection
	GlobalSection(SolutionProperties) = preSolution
		HideSolutionNode = FALSE
	EndGlobalSection
	GlobalSection(ExtensibilityGlobals) = postSolution
		SolutionGuid = {826291B0-72A5-4D17-898C-0DAE885B12E7}
	EndGlobalSection
EndGlobal
